// !$*UTF8*$!
{
	archiveVersion = 1;
	classes = {
	};
	objectVersion = 48;
	objects = {

/* Begin PBXBuildFile section */
		722064E72074BA4E00C32AFE /* Question.swift in Sources */ = {isa = PBXBuildFile; fileRef = 722064E62074BA4E00C32AFE /* Question.swift */; };
		722064EE2074D2C100C32AFE /* questionBank.json in Resources */ = {isa = PBXBuildFile; fileRef = 722064ED2074D2C100C32AFE /* questionBank.json */; };
		722064F02074EED900C32AFE /* QuizViewController.swift in Sources */ = {isa = PBXBuildFile; fileRef = 722064EF2074EED900C32AFE /* QuizViewController.swift */; };
		722064F920751FF000C32AFE /* ChooseTopicsViewController.swift in Sources */ = {isa = PBXBuildFile; fileRef = 722064F820751FF000C32AFE /* ChooseTopicsViewController.swift */; };
		727EC3FD207B3E5A00F1A323 /* ProgressViewController.swift in Sources */ = {isa = PBXBuildFile; fileRef = 727EC3FC207B3E5A00F1A323 /* ProgressViewController.swift */; };
		727EC3FF207B7B2900F1A323 /* ProgressTableViewCell.swift in Sources */ = {isa = PBXBuildFile; fileRef = 727EC3FE207B7B2900F1A323 /* ProgressTableViewCell.swift */; };
		72A55D33206FDAA000745AAA /* AppDelegate.swift in Sources */ = {isa = PBXBuildFile; fileRef = 72A55D32206FDAA000745AAA /* AppDelegate.swift */; };
		72A55D35206FDAA000745AAA /* StartScreenViewController.swift in Sources */ = {isa = PBXBuildFile; fileRef = 72A55D34206FDAA000745AAA /* StartScreenViewController.swift */; };
		72A55D38206FDAA000745AAA /* Main.storyboard in Resources */ = {isa = PBXBuildFile; fileRef = 72A55D36206FDAA000745AAA /* Main.storyboard */; };
		72A55D3A206FDAA000745AAA /* Assets.xcassets in Resources */ = {isa = PBXBuildFile; fileRef = 72A55D39206FDAA000745AAA /* Assets.xcassets */; };
		72A55D3D206FDAA000745AAA /* LaunchScreen.storyboard in Resources */ = {isa = PBXBuildFile; fileRef = 72A55D3B206FDAA000745AAA /* LaunchScreen.storyboard */; };
		72A55D45206FDC6400745AAA /* Colors.swift in Sources */ = {isa = PBXBuildFile; fileRef = 72A55D44206FDC6400745AAA /* Colors.swift */; };
		72B608FF20762AAD00EF3ECB /* QuizSummaryViewController.swift in Sources */ = {isa = PBXBuildFile; fileRef = 72B608FE20762AAD00EF3ECB /* QuizSummaryViewController.swift */; };
		72C17E9A2077DCEC00E8E35A /* Planned UI.png in Resources */ = {isa = PBXBuildFile; fileRef = 72C17E992077DCEB00E8E35A /* Planned UI.png */; };
		72E88D50207A606B00532069 /* CustomTableViewCell.swift in Sources */ = {isa = PBXBuildFile; fileRef = 72E88D4F207A606B00532069 /* CustomTableViewCell.swift */; };
		72E8FC66206FDCC60011D881 /* UIViewExtension.swift in Sources */ = {isa = PBXBuildFile; fileRef = 72E8FC65206FDCC60011D881 /* UIViewExtension.swift */; };
		72EC0AF620753852004A3377 /* Topic.swift in Sources */ = {isa = PBXBuildFile; fileRef = 72EC0AF520753852004A3377 /* Topic.swift */; };
/* End PBXBuildFile section */

/* Begin PBXFileReference section */
		722064E62074BA4E00C32AFE /* Question.swift */ = {isa = PBXFileReference; lastKnownFileType = sourcecode.swift; path = Question.swift; sourceTree = "<group>"; };
		722064ED2074D2C100C32AFE /* questionBank.json */ = {isa = PBXFileReference; fileEncoding = 4; lastKnownFileType = text.json; path = questionBank.json; sourceTree = "<group>"; };
		722064EF2074EED900C32AFE /* QuizViewController.swift */ = {isa = PBXFileReference; lastKnownFileType = sourcecode.swift; path = QuizViewController.swift; sourceTree = "<group>"; };
		722064F820751FF000C32AFE /* ChooseTopicsViewController.swift */ = {isa = PBXFileReference; lastKnownFileType = sourcecode.swift; path = ChooseTopicsViewController.swift; sourceTree = "<group>"; };
		727EC3FC207B3E5A00F1A323 /* ProgressViewController.swift */ = {isa = PBXFileReference; lastKnownFileType = sourcecode.swift; path = ProgressViewController.swift; sourceTree = "<group>"; };
		727EC3FE207B7B2900F1A323 /* ProgressTableViewCell.swift */ = {isa = PBXFileReference; lastKnownFileType = sourcecode.swift; path = ProgressTableViewCell.swift; sourceTree = "<group>"; };
		72A55D2F206FDAA000745AAA /* COMP247Quiz.app */ = {isa = PBXFileReference; explicitFileType = wrapper.application; includeInIndex = 0; path = COMP247Quiz.app; sourceTree = BUILT_PRODUCTS_DIR; };
		72A55D32206FDAA000745AAA /* AppDelegate.swift */ = {isa = PBXFileReference; lastKnownFileType = sourcecode.swift; path = AppDelegate.swift; sourceTree = "<group>"; };
		72A55D34206FDAA000745AAA /* StartScreenViewController.swift */ = {isa = PBXFileReference; lastKnownFileType = sourcecode.swift; path = StartScreenViewController.swift; sourceTree = "<group>"; };
		72A55D37206FDAA000745AAA /* Base */ = {isa = PBXFileReference; lastKnownFileType = file.storyboard; name = Base; path = Base.lproj/Main.storyboard; sourceTree = "<group>"; };
		72A55D39206FDAA000745AAA /* Assets.xcassets */ = {isa = PBXFileReference; lastKnownFileType = folder.assetcatalog; path = Assets.xcassets; sourceTree = "<group>"; };
		72A55D3C206FDAA000745AAA /* Base */ = {isa = PBXFileReference; lastKnownFileType = file.storyboard; name = Base; path = Base.lproj/LaunchScreen.storyboard; sourceTree = "<group>"; };
		72A55D3E206FDAA000745AAA /* Info.plist */ = {isa = PBXFileReference; lastKnownFileType = text.plist.xml; path = Info.plist; sourceTree = "<group>"; };
		72A55D44206FDC6400745AAA /* Colors.swift */ = {isa = PBXFileReference; lastKnownFileType = sourcecode.swift; path = Colors.swift; sourceTree = "<group>"; };
		72B608FE20762AAD00EF3ECB /* QuizSummaryViewController.swift */ = {isa = PBXFileReference; lastKnownFileType = sourcecode.swift; path = QuizSummaryViewController.swift; sourceTree = "<group>"; };
		72C17E992077DCEB00E8E35A /* Planned UI.png */ = {isa = PBXFileReference; lastKnownFileType = image.png; path = "Planned UI.png"; sourceTree = "<group>"; };
		72E88D4F207A606B00532069 /* CustomTableViewCell.swift */ = {isa = PBXFileReference; lastKnownFileType = sourcecode.swift; path = CustomTableViewCell.swift; sourceTree = "<group>"; };
		72E8FC65206FDCC60011D881 /* UIViewExtension.swift */ = {isa = PBXFileReference; lastKnownFileType = sourcecode.swift; path = UIViewExtension.swift; sourceTree = "<group>"; };
		72EC0AF520753852004A3377 /* Topic.swift */ = {isa = PBXFileReference; lastKnownFileType = sourcecode.swift; path = Topic.swift; sourceTree = "<group>"; };
/* End PBXFileReference section */

/* Begin PBXFrameworksBuildPhase section */
		72A55D2C206FDAA000745AAA /* Frameworks */ = {
			isa = PBXFrameworksBuildPhase;
			buildActionMask = 2147483647;
			files = (
			);
			runOnlyForDeploymentPostprocessing = 0;
		};
/* End PBXFrameworksBuildPhase section */

/* Begin PBXGroup section */
		722064EA2074C6CB00C32AFE /* Model */ = {
			isa = PBXGroup;
			children = (
				722064E62074BA4E00C32AFE /* Question.swift */,
				72EC0AF520753852004A3377 /* Topic.swift */,
			);
			path = Model;
			sourceTree = "<group>";
		};
		722064EB2074C6D400C32AFE /* View Controllers */ = {
			isa = PBXGroup;
			children = (
				72A55D34206FDAA000745AAA /* StartScreenViewController.swift */,
				722064F820751FF000C32AFE /* ChooseTopicsViewController.swift */,
				72E88D4F207A606B00532069 /* CustomTableViewCell.swift */,
				722064EF2074EED900C32AFE /* QuizViewController.swift */,
				72B608FE20762AAD00EF3ECB /* QuizSummaryViewController.swift */,
				727EC3FC207B3E5A00F1A323 /* ProgressViewController.swift */,
				727EC3FE207B7B2900F1A323 /* ProgressTableViewCell.swift */,
			);
			path = "View Controllers";
			sourceTree = "<group>";
		};
		722064EC2074C6E600C32AFE /* Extensions + Extras */ = {
			isa = PBXGroup;
			children = (
				72A55D44206FDC6400745AAA /* Colors.swift */,
				72E8FC65206FDCC60011D881 /* UIViewExtension.swift */,
			);
			path = "Extensions + Extras";
			sourceTree = "<group>";
		};
		722064F32075175100C32AFE /* JSON files */ = {
			isa = PBXGroup;
			children = (
				722064ED2074D2C100C32AFE /* questionBank.json */,
			);
			path = "JSON files";
			sourceTree = "<group>";
		};
		72A55D26206FDAA000745AAA = {
			isa = PBXGroup;
			children = (
				72A55D31206FDAA000745AAA /* COMP247Quiz */,
				72A55D30206FDAA000745AAA /* Products */,
			);
			sourceTree = "<group>";
		};
		72A55D30206FDAA000745AAA /* Products */ = {
			isa = PBXGroup;
			children = (
				72A55D2F206FDAA000745AAA /* COMP247Quiz.app */,
			);
			name = Products;
			sourceTree = "<group>";
		};
		72A55D31206FDAA000745AAA /* COMP247Quiz */ = {
			isa = PBXGroup;
			children = (
				72C17E992077DCEB00E8E35A /* Planned UI.png */,
				722064EB2074C6D400C32AFE /* View Controllers */,
				722064EA2074C6CB00C32AFE /* Model */,
				722064F32075175100C32AFE /* JSON files */,
				722064EC2074C6E600C32AFE /* Extensions + Extras */,
				72E8FC69206FE0BB0011D881 /* Supporting Files */,
				72A55D36206FDAA000745AAA /* Main.storyboard */,
				72A55D3E206FDAA000745AAA /* Info.plist */,
			);
			path = COMP247Quiz;
			sourceTree = "<group>";
		};
		72E8FC69206FE0BB0011D881 /* Supporting Files */ = {
			isa = PBXGroup;
			children = (
				72A55D32206FDAA000745AAA /* AppDelegate.swift */,
				72A55D39206FDAA000745AAA /* Assets.xcassets */,
				72A55D3B206FDAA000745AAA /* LaunchScreen.storyboard */,
			);
			path = "Supporting Files";
			sourceTree = "<group>";
		};
/* End PBXGroup section */

/* Begin PBXNativeTarget section */
		72A55D2E206FDAA000745AAA /* COMP247Quiz */ = {
			isa = PBXNativeTarget;
			buildConfigurationList = 72A55D41206FDAA000745AAA /* Build configuration list for PBXNativeTarget "COMP247Quiz" */;
			buildPhases = (
				72A55D2B206FDAA000745AAA /* Sources */,
				72A55D2C206FDAA000745AAA /* Frameworks */,
				72A55D2D206FDAA000745AAA /* Resources */,
			);
			buildRules = (
			);
			dependencies = (
			);
			name = COMP247Quiz;
			productName = COMP247Quiz;
			productReference = 72A55D2F206FDAA000745AAA /* COMP247Quiz.app */;
			productType = "com.apple.product-type.application";
		};
/* End PBXNativeTarget section */

/* Begin PBXProject section */
		72A55D27206FDAA000745AAA /* Project object */ = {
			isa = PBXProject;
			attributes = {
				LastSwiftUpdateCheck = 0920;
				LastUpgradeCheck = 0930;
				ORGANIZATIONNAME = "Abhishesh Pradhan";
				TargetAttributes = {
					72A55D2E206FDAA000745AAA = {
						CreatedOnToolsVersion = 9.2;
						ProvisioningStyle = Automatic;
					};
				};
			};
			buildConfigurationList = 72A55D2A206FDAA000745AAA /* Build configuration list for PBXProject "COMP247Quiz" */;
			compatibilityVersion = "Xcode 8.0";
			developmentRegion = en;
			hasScannedForEncodings = 0;
			knownRegions = (
				en,
				Base,
			);
			mainGroup = 72A55D26206FDAA000745AAA;
			productRefGroup = 72A55D30206FDAA000745AAA /* Products */;
			projectDirPath = "";
			projectRoot = "";
			targets = (
				72A55D2E206FDAA000745AAA /* COMP247Quiz */,
			);
		};
/* End PBXProject section */

/* Begin PBXResourcesBuildPhase section */
		72A55D2D206FDAA000745AAA /* Resources */ = {
			isa = PBXResourcesBuildPhase;
			buildActionMask = 2147483647;
			files = (
				72A55D3D206FDAA000745AAA /* LaunchScreen.storyboard in Resources */,
				722064EE2074D2C100C32AFE /* questionBank.json in Resources */,
				72C17E9A2077DCEC00E8E35A /* Planned UI.png in Resources */,
				72A55D3A206FDAA000745AAA /* Assets.xcassets in Resources */,
				72A55D38206FDAA000745AAA /* Main.storyboard in Resources */,
			);
			runOnlyForDeploymentPostprocessing = 0;
		};
/* End PBXResourcesBuildPhase section */

/* Begin PBXSourcesBuildPhase section */
		72A55D2B206FDAA000745AAA /* Sources */ = {
			isa = PBXSourcesBuildPhase;
			buildActionMask = 2147483647;
			files = (
				72A55D35206FDAA000745AAA /* StartScreenViewController.swift in Sources */,
				72A55D45206FDC6400745AAA /* Colors.swift in Sources */,
				727EC3FF207B7B2900F1A323 /* ProgressTableViewCell.swift in Sources */,
				722064F02074EED900C32AFE /* QuizViewController.swift in Sources */,
				727EC3FD207B3E5A00F1A323 /* ProgressViewController.swift in Sources */,
				72E8FC66206FDCC60011D881 /* UIViewExtension.swift in Sources */,
				722064F920751FF000C32AFE /* ChooseTopicsViewController.swift in Sources */,
				72EC0AF620753852004A3377 /* Topic.swift in Sources */,
				72E88D50207A606B00532069 /* CustomTableViewCell.swift in Sources */,
				722064E72074BA4E00C32AFE /* Question.swift in Sources */,
				72A55D33206FDAA000745AAA /* AppDelegate.swift in Sources */,
				72B608FF20762AAD00EF3ECB /* QuizSummaryViewController.swift in Sources */,
			);
			runOnlyForDeploymentPostprocessing = 0;
		};
/* End PBXSourcesBuildPhase section */

/* Begin PBXVariantGroup section */
		72A55D36206FDAA000745AAA /* Main.storyboard */ = {
			isa = PBXVariantGroup;
			children = (
				72A55D37206FDAA000745AAA /* Base */,
			);
			name = Main.storyboard;
			sourceTree = "<group>";
		};
		72A55D3B206FDAA000745AAA /* LaunchScreen.storyboard */ = {
			isa = PBXVariantGroup;
			children = (
				72A55D3C206FDAA000745AAA /* Base */,
			);
			name = LaunchScreen.storyboard;
			sourceTree = "<group>";
		};
/* End PBXVariantGroup section */

/* Begin XCBuildConfiguration section */
		72A55D3F206FDAA000745AAA /* Debug */ = {
			isa = XCBuildConfiguration;
			buildSettings = {
				ALWAYS_SEARCH_USER_PATHS = NO;
				CLANG_ANALYZER_NONNULL = YES;
				CLANG_ANALYZER_NUMBER_OBJECT_CONVERSION = YES_AGGRESSIVE;
				CLANG_CXX_LANGUAGE_STANDARD = "gnu++14";
				CLANG_CXX_LIBRARY = "libc++";
				CLANG_ENABLE_MODULES = YES;
				CLANG_ENABLE_OBJC_ARC = YES;
				CLANG_WARN_BLOCK_CAPTURE_AUTORELEASING = YES;
				CLANG_WARN_BOOL_CONVERSION = YES;
				CLANG_WARN_COMMA = YES;
				CLANG_WARN_CONSTANT_CONVERSION = YES;
				CLANG_WARN_DEPRECATED_OBJC_IMPLEMENTATIONS = YES;
				CLANG_WARN_DIRECT_OBJC_ISA_USAGE = YES_ERROR;
				CLANG_WARN_DOCUMENTATION_COMMENTS = YES;
				CLANG_WARN_EMPTY_BODY = YES;
				CLANG_WARN_ENUM_CONVERSION = YES;
				CLANG_WARN_INFINITE_RECURSION = YES;
				CLANG_WARN_INT_CONVERSION = YES;
				CLANG_WARN_NON_LITERAL_NULL_CONVERSION = YES;
				CLANG_WARN_OBJC_IMPLICIT_RETAIN_SELF = YES;
				CLANG_WARN_OBJC_LITERAL_CONVERSION = YES;
				CLANG_WARN_OBJC_ROOT_CLASS = YES_ERROR;
				CLANG_WARN_RANGE_LOOP_ANALYSIS = YES;
				CLANG_WARN_STRICT_PROTOTYPES = YES;
				CLANG_WARN_SUSPICIOUS_MOVE = YES;
				CLANG_WARN_UNGUARDED_AVAILABILITY = YES_AGGRESSIVE;
				CLANG_WARN_UNREACHABLE_CODE = YES;
				CLANG_WARN__DUPLICATE_METHOD_MATCH = YES;
				CODE_SIGN_IDENTITY = "iPhone Developer";
				COPY_PHASE_STRIP = NO;
				DEBUG_INFORMATION_FORMAT = dwarf;
				ENABLE_STRICT_OBJC_MSGSEND = YES;
				ENABLE_TESTABILITY = YES;
				GCC_C_LANGUAGE_STANDARD = gnu11;
				GCC_DYNAMIC_NO_PIC = NO;
				GCC_NO_COMMON_BLOCKS = YES;
				GCC_OPTIMIZATION_LEVEL = 0;
				GCC_PREPROCESSOR_DEFINITIONS = (
					"DEBUG=1",
					"$(inherited)",
				);
				GCC_WARN_64_TO_32_BIT_CONVERSION = YES;
				GCC_WARN_ABOUT_RETURN_TYPE = YES_ERROR;
				GCC_WARN_UNDECLARED_SELECTOR = YES;
				GCC_WARN_UNINITIALIZED_AUTOS = YES_AGGRESSIVE;
				GCC_WARN_UNUSED_FUNCTION = YES;
				GCC_WARN_UNUSED_VARIABLE = YES;
				IPHONEOS_DEPLOYMENT_TARGET = 11.2;
				MTL_ENABLE_DEBUG_INFO = YES;
				ONLY_ACTIVE_ARCH = YES;
				SDKROOT = iphoneos;
				SWIFT_ACTIVE_COMPILATION_CONDITIONS = DEBUG;
				SWIFT_OPTIMIZATION_LEVEL = "-Onone";
			};
			name = Debug;
		};
		72A55D40206FDAA000745AAA /* Release */ = {
			isa = XCBuildConfiguration;
			buildSettings = {
				ALWAYS_SEARCH_USER_PATHS = NO;
				CLANG_ANALYZER_NONNULL = YES;
				CLANG_ANALYZER_NUMBER_OBJECT_CONVERSION = YES_AGGRESSIVE;
				CLANG_CXX_LANGUAGE_STANDARD = "gnu++14";
				CLANG_CXX_LIBRARY = "libc++";
				CLANG_ENABLE_MODULES = YES;
				CLANG_ENABLE_OBJC_ARC = YES;
				CLANG_WARN_BLOCK_CAPTURE_AUTORELEASING = YES;
				CLANG_WARN_BOOL_CONVERSION = YES;
				CLANG_WARN_COMMA = YES;
				CLANG_WARN_CONSTANT_CONVERSION = YES;
				CLANG_WARN_DEPRECATED_OBJC_IMPLEMENTATIONS = YES;
				CLANG_WARN_DIRECT_OBJC_ISA_USAGE = YES_ERROR;
				CLANG_WARN_DOCUMENTATION_COMMENTS = YES;
				CLANG_WARN_EMPTY_BODY = YES;
				CLANG_WARN_ENUM_CONVERSION = YES;
				CLANG_WARN_INFINITE_RECURSION = YES;
				CLANG_WARN_INT_CONVERSION = YES;
				CLANG_WARN_NON_LITERAL_NULL_CONVERSION = YES;
				CLANG_WARN_OBJC_IMPLICIT_RETAIN_SELF = YES;
				CLANG_WARN_OBJC_LITERAL_CONVERSION = YES;
				CLANG_WARN_OBJC_ROOT_CLASS = YES_ERROR;
				CLANG_WARN_RANGE_LOOP_ANALYSIS = YES;
				CLANG_WARN_STRICT_PROTOTYPES = YES;
				CLANG_WARN_SUSPICIOUS_MOVE = YES;
				CLANG_WARN_UNGUARDED_AVAILABILITY = YES_AGGRESSIVE;
				CLANG_WARN_UNREACHABLE_CODE = YES;
				CLANG_WARN__DUPLICATE_METHOD_MATCH = YES;
				CODE_SIGN_IDENTITY = "iPhone Developer";
				COPY_PHASE_STRIP = NO;
				DEBUG_INFORMATION_FORMAT = "dwarf-with-dsym";
				ENABLE_NS_ASSERTIONS = NO;
				ENABLE_STRICT_OBJC_MSGSEND = YES;
				GCC_C_LANGUAGE_STANDARD = gnu11;
				GCC_NO_COMMON_BLOCKS = YES;
				GCC_WARN_64_TO_32_BIT_CONVERSION = YES;
				GCC_WARN_ABOUT_RETURN_TYPE = YES_ERROR;
				GCC_WARN_UNDECLARED_SELECTOR = YES;
				GCC_WARN_UNINITIALIZED_AUTOS = YES_AGGRESSIVE;
				GCC_WARN_UNUSED_FUNCTION = YES;
				GCC_WARN_UNUSED_VARIABLE = YES;
				IPHONEOS_DEPLOYMENT_TARGET = 11.2;
				MTL_ENABLE_DEBUG_INFO = NO;
				SDKROOT = iphoneos;
				SWIFT_OPTIMIZATION_LEVEL = "-Owholemodule";
				VALIDATE_PRODUCT = YES;
			};
			name = Release;
		};
		72A55D42206FDAA000745AAA /* Debug */ = {
			isa = XCBuildConfiguration;
			buildSettings = {
				ASSETCATALOG_COMPILER_APPICON_NAME = AppIcon;
				CODE_SIGN_STYLE = Automatic;
				DEVELOPMENT_TEAM = 6KFH9FAAHT;
				INFOPLIST_FILE = COMP247Quiz/Info.plist;
				LD_RUNPATH_SEARCH_PATHS = "$(inherited) @executable_path/Frameworks";
				PRODUCT_BUNDLE_IDENTIFIER = com.example.COMP247Quiz;
				PRODUCT_NAME = "$(TARGET_NAME)";
				SWIFT_VERSION = 4.0;
				TARGETED_DEVICE_FAMILY = "1,2";
			};
			name = Debug;
		};
		72A55D43206FDAA000745AAA /* Release */ = {
			isa = XCBuildConfiguration;
			buildSettings = {
				ASSETCATALOG_COMPILER_APPICON_NAME = AppIcon;
				CODE_SIGN_STYLE = Automatic;
				DEVELOPMENT_TEAM = 6KFH9FAAHT;
				INFOPLIST_FILE = COMP247Quiz/Info.plist;
				LD_RUNPATH_SEARCH_PATHS = "$(inherited) @executable_path/Frameworks";
				PRODUCT_BUNDLE_IDENTIFIER = com.example.COMP247Quiz;
				PRODUCT_NAME = "$(TARGET_NAME)";
				SWIFT_VERSION = 4.0;
				TARGETED_DEVICE_FAMILY = "1,2";
			};
			name = Release;
		};
/* End XCBuildConfiguration section */

/* Begin XCConfigurationList section */
		72A55D2A206FDAA000745AAA /* Build configuration list for PBXProject "COMP247Quiz" */ = {
			isa = XCConfigurationList;
			buildConfigurations = (
				72A55D3F206FDAA000745AAA /* Debug */,
				72A55D40206FDAA000745AAA /* Release */,
			);
			defaultConfigurationIsVisible = 0;
			defaultConfigurationName = Release;
		};
		72A55D41206FDAA000745AAA /* Build configuration list for PBXNativeTarget "COMP247Quiz" */ = {
			isa = XCConfigurationList;
			buildConfigurations = (
				72A55D42206FDAA000745AAA /* Debug */,
				72A55D43206FDAA000745AAA /* Release */,
			);
			defaultConfigurationIsVisible = 0;
			defaultConfigurationName = Release;
		};
/* End XCConfigurationList section */
	};
	rootObject = 72A55D27206FDAA000745AAA /* Project object */;
}
